# THIS IS AN AUTOGENERATED FILE. DO NOT EDIT THIS FILE DIRECTLY.
# yarn lockfile v1


"@sentry/core@5.4.3":
  version "5.4.3"
  resolved "https://registry.yarnpkg.com/@sentry/core/-/core-5.4.3.tgz#c9e3a6cc9f5e296c5a5e19a7a925d9ee9125a95f"
  integrity sha512-VjRv9BXip2BtCSohi/WQra+Ep4B8ajer1nU1VpKy5tUCjpVfXRpitY23EdEl+MVJH7h6YPZ45JsuFiKGgrtaFQ==
  dependencies:
    "@sentry/hub" "5.4.3"
    "@sentry/minimal" "5.4.3"
    "@sentry/types" "5.4.2"
    "@sentry/utils" "5.4.2"
    tslib "^1.9.3"

"@sentry/hub@5.4.3":
  version "5.4.3"
  resolved "https://registry.yarnpkg.com/@sentry/hub/-/hub-5.4.3.tgz#d6936f976435dd552e06a6a3e9f8cd643e9b9b3f"
  integrity sha512-97bnk2dDuCdFv2xhujogqPiDDpKOsHxBXH1jOJ5ezr3/uZNsMRr450FDxxJJYDLuSx+qZ/+vUFfdVNjprBsuSg==
  dependencies:
    "@sentry/types" "5.4.2"
    "@sentry/utils" "5.4.2"
    tslib "^1.9.3"

"@sentry/minimal@5.4.3":
  version "5.4.3"
  resolved "https://registry.yarnpkg.com/@sentry/minimal/-/minimal-5.4.3.tgz#afaa8f7a3b5074efa8d70a2edac920b2e0cdbe15"
  integrity sha512-xSCcKDtVtlmJIGmnlNH2fL++4l7iORJ+pOOfTz1Yjm/Il7Tz9wLVodbEfplXmAbOvgG/x9oilbW0MBSnrwKPfQ==
  dependencies:
    "@sentry/hub" "5.4.3"
    "@sentry/types" "5.4.2"
    tslib "^1.9.3"

"@sentry/node@^5.4.3":
  version "5.4.3"
  resolved "https://registry.yarnpkg.com/@sentry/node/-/node-5.4.3.tgz#3de5b050b8c7ca44d25e3b1d6b0cf9b76833d937"
  integrity sha512-QdLj1Po+94Ns9y5Z4orvA/febJV8i1uwSVK/cj61FISdb2DXlCWRFV9OYvm0I0EIHr9xAORpOCmyy0JbO1lE8w==
  dependencies:
    "@sentry/core" "5.4.3"
    "@sentry/hub" "5.4.3"
    "@sentry/types" "5.4.2"
    "@sentry/utils" "5.4.2"
    cookie "0.3.1"
    https-proxy-agent "2.2.1"
    lru_map "0.3.3"
    tslib "^1.9.3"

"@sentry/types@5.4.2":
  version "5.4.2"
  resolved "https://registry.yarnpkg.com/@sentry/types/-/types-5.4.2.tgz#4ab327bced2cfd961dc7a29f0ff43398f913f6a6"
  integrity sha512-yh1fd7x5lLOIZ8W3A1I792B3jowJVCWp4HcTRikjTsjbF8lcURY62m+hiLYUFPTIX99AlFRIPiApDkWiwMGYMA==

"@sentry/utils@5.4.2":
  version "5.4.2"
  resolved "https://registry.yarnpkg.com/@sentry/utils/-/utils-5.4.2.tgz#c88c6c08d635e1744a443cfefe9e2ed7fa250e4e"
  integrity sha512-AW7/TGt2HiPQB8lJ8NgMgaFAIDQpKDF+wV8nENRbC1CP1zzcvb1QBF4zBL2auDT4fhkhVa817064s7vlDiJVLQ==
  dependencies:
    "@sentry/types" "5.4.2"
    tslib "^1.9.3"

agent-base@^4.1.0:
  version "4.3.0"
  resolved "https://registry.yarnpkg.com/agent-base/-/agent-base-4.3.0.tgz#8165f01c436009bccad0b1d122f05ed770efc6ee"
  integrity sha512-salcGninV0nPrwpGNn4VTXBb1SOuXQBiqbrNXoeizJsHrsL6ERFM2Ne3JUSBWRE6aeNJI2ROP/WEEIDUiDe3cg==
  dependencies:
    es6-promisify "^5.0.0"

cookie@0.3.1:
  version "0.3.1"
  resolved "https://registry.yarnpkg.com/cookie/-/cookie-0.3.1.tgz#e7e0a1f9ef43b4c8ba925c5c5a96e806d16873bb"
  integrity sha1-5+Ch+e9DtMi6klxcWpboBtFoc7s=

debug@^3.1.0:
  version "3.2.6"
  resolved "https://registry.yarnpkg.com/debug/-/debug-3.2.6.tgz#e83d17de16d8a7efb7717edbe5fb10135eee629b"
  integrity sha512-mel+jf7nrtEl5Pn1Qx46zARXKDpBbvzezse7p7LqINmdoIk8PYP5SySaxEmYv6TZ0JyEKA1hsCId6DIhgITtWQ==
  dependencies:
    ms "^2.1.1"

es6-promise@^4.0.3:
  version "4.2.8"
  resolved "https://registry.yarnpkg.com/es6-promise/-/es6-promise-4.2.8.tgz#4eb21594c972bc40553d276e510539143db53e0a"
  integrity sha512-HJDGx5daxeIvxdBxvG2cb9g4tEvwIk3i8+nhX0yGrYmZUzbkdg8QbDevheDB8gd0//uPj4c1EQua8Q+MViT0/w==

es6-promisify@^5.0.0:
  version "5.0.0"
  resolved "https://registry.yarnpkg.com/es6-promisify/-/es6-promisify-5.0.0.tgz#5109d62f3e56ea967c4b63505aef08291c8a5203"
  integrity sha1-UQnWLz5W6pZ8S2NQWu8IKRyKUgM=
  dependencies:
    es6-promise "^4.0.3"

https-proxy-agent@2.2.1:
  version "2.2.1"
  resolved "https://registry.yarnpkg.com/https-proxy-agent/-/https-proxy-agent-2.2.1.tgz#51552970fa04d723e04c56d04178c3f92592bbc0"
  integrity sha512-HPCTS1LW51bcyMYbxUIOO4HEOlQ1/1qRaFWcyxvwaqUS9TY88aoEuHUY33kuAh1YhVVaDQhLZsnPd+XNARWZlQ==
  dependencies:
    agent-base "^4.1.0"
    debug "^3.1.0"

lru_map@0.3.3:
  version "0.3.3"
  resolved "https://registry.yarnpkg.com/lru_map/-/lru_map-0.3.3.tgz#b5c8351b9464cbd750335a79650a0ec0e56118dd"
  integrity sha1-tcg1G5Rky9dQM1p5ZQoOwOVhGN0=

ms@^2.1.1:
  version "2.1.2"
  resolved "https://registry.yarnpkg.com/ms/-/ms-2.1.2.tgz#d09d1f357b443f493382a8eb3ccd183872ae6009"
  integrity sha512-sGkPx+VjMtmA6MX27oA4FBFELFCZZ4S4XqeGOXCv68tT+jb3vk/RyaKWP0PTKyWtmLSM0b+adUTEvbs1PEaH2w==

tslib@^1.9.3:
  version "1.10.0"
  resolved "https://registry.yarnpkg.com/tslib/-/tslib-1.10.0.tgz#c3c19f95973fb0a62973fb09d90d961ee43e5c8a"
  integrity sha512-qOebF53frne81cf0S9B41ByenJ3/IuH8yJKngAX35CmiZySA0khhkovshKK+jGCaMnVomla7gVlIcc3EvKPbTQ==
